
Microsoft Visual Studio Solution File, Format Version 12.00
# Visual Studio 2013
VisualStudioVersion = 12.0.30501.0
MinimumVisualStudioVersion = 10.0.40219.1
Project("{FAE04EC0-301F-11D3-BF4B-00C04F79EFBC}") = "WebAPISample", "WebAPISample\WebAPISample.csproj", "{7E4B8AD6-5A53-4865-9F45-46FE2EE2EB6B}"
EndProject
Project("{2150E333-8FDC-42A3-9474-1A3956D46DE8}") = "PublishScripts", "PublishScripts", "{ABBCD41C-ADBA-4BDB-BB66-A3EFE68A17D8}"
	ProjectSection(SolutionItems) = preProject
		PublishScripts\AzureWebsitePublishModule.psm1 = PublishScripts\AzureWebsitePublishModule.psm1
		PublishScripts\Publish-WebApplicationWebsite.ps1 = PublishScripts\Publish-WebApplicationWebsite.ps1
	EndProjectSection
EndProject
Project("{2150E333-8FDC-42A3-9474-1A3956D46DE8}") = "Configurations", "Configurations", "{EF2B744F-2EDC-4E81-B8E6-19FB956E0CC7}"
	ProjectSection(SolutionItems) = preProject
		PublishScripts\Configurations\WebAPISample-WAWS-dev.json = PublishScripts\Configurations\WebAPISample-WAWS-dev.json
	EndProjectSection
EndProject
Project("{FAE04EC0-301F-11D3-BF4B-00C04F79EFBC}") = "UI", "UI\UI.csproj", "{779ED476-A0D9-4E45-85AD-903DF7C58C21}"
EndProject
Global
	GlobalSection(SolutionConfigurationPlatforms) = preSolution
		Debug|Any CPU = Debug|Any CPU
		Release|Any CPU = Release|Any CPU
	EndGlobalSection
	GlobalSection(ProjectConfigurationPlatforms) = postSolution
		{7E4B8AD6-5A53-4865-9F45-46FE2EE2EB6B}.Debug|Any CPU.ActiveCfg = Debug|Any CPU
		{7E4B8AD6-5A53-4865-9F45-46FE2EE2EB6B}.Debug|Any CPU.Build.0 = Debug|Any CPU
		{7E4B8AD6-5A53-4865-9F45-46FE2EE2EB6B}.Release|Any CPU.ActiveCfg = Release|Any CPU
		{7E4B8AD6-5A53-4865-9F45-46FE2EE2EB6B}.Release|Any CPU.Build.0 = Release|Any CPU
		{779ED476-A0D9-4E45-85AD-903DF7C58C21}.Debug|Any CPU.ActiveCfg = Debug|Any CPU
		{779ED476-A0D9-4E45-85AD-903DF7C58C21}.Debug|Any CPU.Build.0 = Debug|Any CPU
		{779ED476-A0D9-4E45-85AD-903DF7C58C21}.Release|Any CPU.ActiveCfg = Release|Any CPU
		{779ED476-A0D9-4E45-85AD-903DF7C58C21}.Release|Any CPU.Build.0 = Release|Any CPU
	EndGlobalSection
	GlobalSection(SolutionProperties) = preSolution
		HideSolutionNode = FALSE
	EndGlobalSection
	GlobalSection(NestedProjects) = preSolution
		{EF2B744F-2EDC-4E81-B8E6-19FB956E0CC7} = {ABBCD41C-ADBA-4BDB-BB66-A3EFE68A17D8}
	EndGlobalSection
EndGlobal
